
Microsoft Visual Studio Solution File, Format Version 12.00
# Visual Studio Version 17
VisualStudioVersion = 17.12.35527.113
MinimumVisualStudioVersion = 10.0.40219.1
Project("{FAE04EC0-301F-11D3-BF4B-00C04F79EFBC}") = "BrityWorks.AddIn.DB", "BrityWorks.AddIn.DB\BrityWorks.AddIn.DB.csproj", "{21AF1037-F2D4-45A4-AF68-7558EF05D6BC}"
EndProject
Project("{2150E333-8FDC-42A3-9474-1A3956D46DE8}") = "Solution Items", "Solution Items", "{2CF58A45-B477-43A6-95ED-6FE2CA21F389}"
	ProjectSection(SolutionItems) = preProject
		README.md = README.md
	EndProjectSection
EndProject
Project("{FAE04EC0-301F-11D3-BF4B-00C04F79EFBC}") = "BrityWorks.AddIn.TwoCaptcha", "BrityWorks.AddIn.2Captcha\BrityWorks.AddIn.TwoCaptcha.csproj", "{401E3EBB-BC00-4FAB-A4FD-39B981FD2A8B}"
EndProject
Global
	GlobalSection(SolutionConfigurationPlatforms) = preSolution
		Debug|Any CPU = Debug|Any CPU
		Release|Any CPU = Release|Any CPU
	EndGlobalSection
	GlobalSection(ProjectConfigurationPlatforms) = postSolution
		{21AF1037-F2D4-45A4-AF68-7558EF05D6BC}.Debug|Any CPU.ActiveCfg = Debug|Any CPU
		{21AF1037-F2D4-45A4-AF68-7558EF05D6BC}.Debug|Any CPU.Build.0 = Debug|Any CPU
		{21AF1037-F2D4-45A4-AF68-7558EF05D6BC}.Release|Any CPU.ActiveCfg = Release|Any CPU
		{21AF1037-F2D4-45A4-AF68-7558EF05D6BC}.Release|Any CPU.Build.0 = Release|Any CPU
		{401E3EBB-BC00-4FAB-A4FD-39B981FD2A8B}.Debug|Any CPU.ActiveCfg = Debug|Any CPU
		{401E3EBB-BC00-4FAB-A4FD-39B981FD2A8B}.Debug|Any CPU.Build.0 = Debug|Any CPU
		{401E3EBB-BC00-4FAB-A4FD-39B981FD2A8B}.Release|Any CPU.ActiveCfg = Release|Any CPU
		{401E3EBB-BC00-4FAB-A4FD-39B981FD2A8B}.Release|Any CPU.Build.0 = Release|Any CPU
	EndGlobalSection
	GlobalSection(SolutionProperties) = preSolution
		HideSolutionNode = FALSE
	EndGlobalSection
EndGlobal
